
Microsoft Visual Studio Solution File, Format Version 12.00
# Visual Studio Version 16
VisualStudioVersion = 16.0.30804.86
MinimumVisualStudioVersion = 10.0.40219.1
Project("{FAE04EC0-301F-11D3-BF4B-00C04F79EFBC}") = "CalculadoraIMC2.UWP", "CalculadoraIMC2\CalculadoraIMC2.UWP\CalculadoraIMC2.UWP.csproj", "{2AE33E9D-F1CA-45A8-AFE5-83FB13A8C935}"
EndProject
Project("{FAE04EC0-301F-11D3-BF4B-00C04F79EFBC}") = "CalculadoraIMC2.Android", "CalculadoraIMC2\CalculadoraIMC2.Android\CalculadoraIMC2.Android.csproj", "{460ABBB8-8B2E-46FC-8DDD-DF26855C7AD3}"
EndProject
Project("{FAE04EC0-301F-11D3-BF4B-00C04F79EFBC}") = "CalculadoraIMC2.iOS", "CalculadoraIMC2\CalculadoraIMC2.iOS\CalculadoraIMC2.iOS.csproj", "{CFB0693D-DC34-44F5-B166-F7B5A4D9A64D}"
EndProject
Project("{FAE04EC0-301F-11D3-BF4B-00C04F79EFBC}") = "CalculadoraIMC2", "CalculadoraIMC2\CalculadoraIMC2\CalculadoraIMC2.csproj", "{6653EB82-6F23-41DA-A9F8-262B616D25DC}"
EndProject
Global
	GlobalSection(SolutionConfigurationPlatforms) = preSolution
		Debug|Any CPU = Debug|Any CPU
		Debug|ARM = Debug|ARM
		Debug|iPhone = Debug|iPhone
		Debug|iPhoneSimulator = Debug|iPhoneSimulator
		Debug|x64 = Debug|x64
		Debug|x86 = Debug|x86
		Release|Any CPU = Release|Any CPU
		Release|ARM = Release|ARM
		Release|iPhone = Release|iPhone
		Release|iPhoneSimulator = Release|iPhoneSimulator
		Release|x64 = Release|x64
		Release|x86 = Release|x86
	EndGlobalSection
	GlobalSection(ProjectConfigurationPlatforms) = postSolution
		{2AE33E9D-F1CA-45A8-AFE5-83FB13A8C935}.Debug|Any CPU.ActiveCfg = Debug|x86
		{2AE33E9D-F1CA-45A8-AFE5-83FB13A8C935}.Debug|Any CPU.Build.0 = Debug|x86
		{2AE33E9D-F1CA-45A8-AFE5-83FB13A8C935}.Debug|Any CPU.Deploy.0 = Debug|x86
		{2AE33E9D-F1CA-45A8-AFE5-83FB13A8C935}.Debug|ARM.ActiveCfg = Debug|ARM
		{2AE33E9D-F1CA-45A8-AFE5-83FB13A8C935}.Debug|ARM.Build.0 = Debug|ARM
		{2AE33E9D-F1CA-45A8-AFE5-83FB13A8C935}.Debug|ARM.Deploy.0 = Debug|ARM
		{2AE33E9D-F1CA-45A8-AFE5-83FB13A8C935}.Debug|iPhone.ActiveCfg = Debug|x86
		{2AE33E9D-F1CA-45A8-AFE5-83FB13A8C935}.Debug|iPhone.Build.0 = Debug|x86
		{2AE33E9D-F1CA-45A8-AFE5-83FB13A8C935}.Debug|iPhone.Deploy.0 = Debug|x86
		{2AE33E9D-F1CA-45A8-AFE5-83FB13A8C935}.Debug|iPhoneSimulator.ActiveCfg = Debug|x86
		{2AE33E9D-F1CA-45A8-AFE5-83FB13A8C935}.Debug|iPhoneSimulator.Build.0 = Debug|x86
		{2AE33E9D-F1CA-45A8-AFE5-83FB13A8C935}.Debug|iPhoneSimulator.Deploy.0 = Debug|x86
		{2AE33E9D-F1CA-45A8-AFE5-83FB13A8C935}.Debug|x64.ActiveCfg = Debug|x64
		{2AE33E9D-F1CA-45A8-AFE5-83FB13A8C935}.Debug|x64.Build.0 = Debug|x64
		{2AE33E9D-F1CA-45A8-AFE5-83FB13A8C935}.Debug|x64.Deploy.0 = Debug|x64
		{2AE33E9D-F1CA-45A8-AFE5-83FB13A8C935}.Debug|x86.ActiveCfg = Debug|x86
		{2AE33E9D-F1CA-45A8-AFE5-83FB13A8C935}.Debug|x86.Build.0 = Debug|x86
		{2AE33E9D-F1CA-45A8-AFE5-83FB13A8C935}.Debug|x86.Deploy.0 = Debug|x86
		{2AE33E9D-F1CA-45A8-AFE5-83FB13A8C935}.Release|Any CPU.ActiveCfg = Release|x86
		{2AE33E9D-F1CA-45A8-AFE5-83FB13A8C935}.Release|Any CPU.Build.0 = Release|x86
		{2AE33E9D-F1CA-45A8-AFE5-83FB13A8C935}.Release|Any CPU.Deploy.0 = Release|x86
		{2AE33E9D-F1CA-45A8-AFE5-83FB13A8C935}.Release|ARM.ActiveCfg = Release|ARM
		{2AE33E9D-F1CA-45A8-AFE5-83FB13A8C935}.Release|ARM.Build.0 = Release|ARM
		{2AE33E9D-F1CA-45A8-AFE5-83FB13A8C935}.Release|ARM.Deploy.0 = Release|ARM
		{2AE33E9D-F1CA-45A8-AFE5-83FB13A8C935}.Release|iPhone.ActiveCfg = Release|x86
		{2AE33E9D-F1CA-45A8-AFE5-83FB13A8C935}.Release|iPhone.Build.0 = Release|x86
		{2AE33E9D-F1CA-45A8-AFE5-83FB13A8C935}.Release|iPhone.Deploy.0 = Release|x86
		{2AE33E9D-F1CA-45A8-AFE5-83FB13A8C935}.Release|iPhoneSimulator.ActiveCfg = Release|x86
		{2AE33E9D-F1CA-45A8-AFE5-83FB13A8C935}.Release|iPhoneSimulator.Build.0 = Release|x86
		{2AE33E9D-F1CA-45A8-AFE5-83FB13A8C935}.Release|iPhoneSimulator.Deploy.0 = Release|x86
		{2AE33E9D-F1CA-45A8-AFE5-83FB13A8C935}.Release|x64.ActiveCfg = Release|x64
		{2AE33E9D-F1CA-45A8-AFE5-83FB13A8C935}.Release|x64.Build.0 = Release|x64
		{2AE33E9D-F1CA-45A8-AFE5-83FB13A8C935}.Release|x64.Deploy.0 = Release|x64
		{2AE33E9D-F1CA-45A8-AFE5-83FB13A8C935}.Release|x86.ActiveCfg = Release|x86
		{2AE33E9D-F1CA-45A8-AFE5-83FB13A8C935}.Release|x86.Build.0 = Release|x86
		{2AE33E9D-F1CA-45A8-AFE5-83FB13A8C935}.Release|x86.Deploy.0 = Release|x86
		{460ABBB8-8B2E-46FC-8DDD-DF26855C7AD3}.Debug|Any CPU.ActiveCfg = Debug|Any CPU
		{460ABBB8-8B2E-46FC-8DDD-DF26855C7AD3}.Debug|Any CPU.Build.0 = Debug|Any CPU
		{460ABBB8-8B2E-46FC-8DDD-DF26855C7AD3}.Debug|Any CPU.Deploy.0 = Debug|Any CPU
		{460ABBB8-8B2E-46FC-8DDD-DF26855C7AD3}.Debug|ARM.ActiveCfg = Debug|Any CPU
		{460ABBB8-8B2E-46FC-8DDD-DF26855C7AD3}.Debug|ARM.Build.0 = Debug|Any CPU
		{460ABBB8-8B2E-46FC-8DDD-DF26855C7AD3}.Debug|ARM.Deploy.0 = Debug|Any CPU
		{460ABBB8-8B2E-46FC-8DDD-DF26855C7AD3}.Debug|iPhone.ActiveCfg = Debug|Any CPU
		{460ABBB8-8B2E-46FC-8DDD-DF26855C7AD3}.Debug|iPhone.Build.0 = Debug|Any CPU
		{460ABBB8-8B2E-46FC-8DDD-DF26855C7AD3}.Debug|iPhone.Deploy.0 = Debug|Any CPU
		{460ABBB8-8B2E-46FC-8DDD-DF26855C7AD3}.Debug|iPhoneSimulator.ActiveCfg = Debug|Any CPU
		{460ABBB8-8B2E-46FC-8DDD-DF26855C7AD3}.Debug|iPhoneSimulator.Build.0 = Debug|Any CPU
		{460ABBB8-8B2E-46FC-8DDD-DF26855C7AD3}.Debug|iPhoneSimulator.Deploy.0 = Debug|Any CPU
		{460ABBB8-8B2E-46FC-8DDD-DF26855C7AD3}.Debug|x64.ActiveCfg = Debug|Any CPU
		{460ABBB8-8B2E-46FC-8DDD-DF26855C7AD3}.Debug|x64.Build.0 = Debug|Any CPU
		{460ABBB8-8B2E-46FC-8DDD-DF26855C7AD3}.Debug|x64.Deploy.0 = Debug|Any CPU
		{460ABBB8-8B2E-46FC-8DDD-DF26855C7AD3}.Debug|x86.ActiveCfg = Debug|Any CPU
		{460ABBB8-8B2E-46FC-8DDD-DF26855C7AD3}.Debug|x86.Build.0 = Debug|Any CPU
		{460ABBB8-8B2E-46FC-8DDD-DF26855C7AD3}.Debug|x86.Deploy.0 = Debug|Any CPU
		{460ABBB8-8B2E-46FC-8DDD-DF26855C7AD3}.Release|Any CPU.ActiveCfg = Release|Any CPU
		{460ABBB8-8B2E-46FC-8DDD-DF26855C7AD3}.Release|Any CPU.Build.0 = Release|Any CPU
		{460ABBB8-8B2E-46FC-8DDD-DF26855C7AD3}.Release|Any CPU.Deploy.0 = Release|Any CPU
		{460ABBB8-8B2E-46FC-8DDD-DF26855C7AD3}.Release|ARM.ActiveCfg = Release|Any CPU
		{460ABBB8-8B2E-46FC-8DDD-DF26855C7AD3}.Release|ARM.Build.0 = Release|Any CPU
		{460ABBB8-8B2E-46FC-8DDD-DF26855C7AD3}.Release|ARM.Deploy.0 = Release|Any CPU
		{460ABBB8-8B2E-46FC-8DDD-DF26855C7AD3}.Release|iPhone.ActiveCfg = Release|Any CPU
		{460ABBB8-8B2E-46FC-8DDD-DF26855C7AD3}.Release|iPhone.Build.0 = Release|Any CPU
		{460ABBB8-8B2E-46FC-8DDD-DF26855C7AD3}.Release|iPhone.Deploy.0 = Release|Any CPU
		{460ABBB8-8B2E-46FC-8DDD-DF26855C7AD3}.Release|iPhoneSimulator.ActiveCfg = Release|Any CPU
		{460ABBB8-8B2E-46FC-8DDD-DF26855C7AD3}.Release|iPhoneSimulator.Build.0 = Release|Any CPU
		{460ABBB8-8B2E-46FC-8DDD-DF26855C7AD3}.Release|iPhoneSimulator.Deploy.0 = Release|Any CPU
		{460ABBB8-8B2E-46FC-8DDD-DF26855C7AD3}.Release|x64.ActiveCfg = Release|Any CPU
		{460ABBB8-8B2E-46FC-8DDD-DF26855C7AD3}.Release|x64.Build.0 = Release|Any CPU
		{460ABBB8-8B2E-46FC-8DDD-DF26855C7AD3}.Release|x64.Deploy.0 = Release|Any CPU
		{460ABBB8-8B2E-46FC-8DDD-DF26855C7AD3}.Release|x86.ActiveCfg = Release|Any CPU
		{460ABBB8-8B2E-46FC-8DDD-DF26855C7AD3}.Release|x86.Build.0 = Release|Any CPU
		{460ABBB8-8B2E-46FC-8DDD-DF26855C7AD3}.Release|x86.Deploy.0 = Release|Any CPU
		{CFB0693D-DC34-44F5-B166-F7B5A4D9A64D}.Debug|Any CPU.ActiveCfg = Debug|iPhoneSimulator
		{CFB0693D-DC34-44F5-B166-F7B5A4D9A64D}.Debug|Any CPU.Build.0 = Debug|iPhoneSimulator
		{CFB0693D-DC34-44F5-B166-F7B5A4D9A64D}.Debug|Any CPU.Deploy.0 = Debug|iPhoneSimulator
		{CFB0693D-DC34-44F5-B166-F7B5A4D9A64D}.Debug|ARM.ActiveCfg = Debug|iPhone
		{CFB0693D-DC34-44F5-B166-F7B5A4D9A64D}.Debug|ARM.Build.0 = Debug|iPhone
		{CFB0693D-DC34-44F5-B166-F7B5A4D9A64D}.Debug|ARM.Deploy.0 = Debug|iPhone
		{CFB0693D-DC34-44F5-B166-F7B5A4D9A64D}.Debug|iPhone.ActiveCfg = Debug|iPhone
		{CFB0693D-DC34-44F5-B166-F7B5A4D9A64D}.Debug|iPhone.Build.0 = Debug|iPhone
		{CFB0693D-DC34-44F5-B166-F7B5A4D9A64D}.Debug|iPhone.Deploy.0 = Debug|iPhone
		{CFB0693D-DC34-44F5-B166-F7B5A4D9A64D}.Debug|iPhoneSimulator.ActiveCfg = Debug|iPhoneSimulator
		{CFB0693D-DC34-44F5-B166-F7B5A4D9A64D}.Debug|iPhoneSimulator.Build.0 = Debug|iPhoneSimulator
		{CFB0693D-DC34-44F5-B166-F7B5A4D9A64D}.Debug|iPhoneSimulator.Deploy.0 = Debug|iPhoneSimulator
		{CFB0693D-DC34-44F5-B166-F7B5A4D9A64D}.Debug|x64.ActiveCfg = Debug|iPhoneSimulator
		{CFB0693D-DC34-44F5-B166-F7B5A4D9A64D}.Debug|x64.Build.0 = Debug|iPhoneSimulator
		{CFB0693D-DC34-44F5-B166-F7B5A4D9A64D}.Debug|x64.Deploy.0 = Debug|iPhoneSimulator
		{CFB0693D-DC34-44F5-B166-F7B5A4D9A64D}.Debug|x86.ActiveCfg = Debug|iPhoneSimulator
		{CFB0693D-DC34-44F5-B166-F7B5A4D9A64D}.Debug|x86.Build.0 = Debug|iPhoneSimulator
		{CFB0693D-DC34-44F5-B166-F7B5A4D9A64D}.Debug|x86.Deploy.0 = Debug|iPhoneSimulator
		{CFB0693D-DC34-44F5-B166-F7B5A4D9A64D}.Release|Any CPU.ActiveCfg = Release|iPhoneSimulator
		{CFB0693D-DC34-44F5-B166-F7B5A4D9A64D}.Release|Any CPU.Build.0 = Release|iPhoneSimulator
		{CFB0693D-DC34-44F5-B166-F7B5A4D9A64D}.Release|Any CPU.Deploy.0 = Release|iPhoneSimulator
		{CFB0693D-DC34-44F5-B166-F7B5A4D9A64D}.Release|ARM.ActiveCfg = Release|iPhoneSimulator
		{CFB0693D-DC34-44F5-B166-F7B5A4D9A64D}.Release|ARM.Build.0 = Release|iPhoneSimulator
		{CFB0693D-DC34-44F5-B166-F7B5A4D9A64D}.Release|ARM.Deploy.0 = Release|iPhoneSimulator
		{CFB0693D-DC34-44F5-B166-F7B5A4D9A64D}.Release|iPhone.ActiveCfg = Release|iPhone
		{CFB0693D-DC34-44F5-B166-F7B5A4D9A64D}.Release|iPhone.Build.0 = Release|iPhone
		{CFB0693D-DC34-44F5-B166-F7B5A4D9A64D}.Release|iPhone.Deploy.0 = Release|iPhone
		{CFB0693D-DC34-44F5-B166-F7B5A4D9A64D}.Release|iPhoneSimulator.ActiveCfg = Release|iPhoneSimulator
		{CFB0693D-DC34-44F5-B166-F7B5A4D9A64D}.Release|iPhoneSimulator.Build.0 = Release|iPhoneSimulator
		{CFB0693D-DC34-44F5-B166-F7B5A4D9A64D}.Release|iPhoneSimulator.Deploy.0 = Release|iPhoneSimulator
		{CFB0693D-DC34-44F5-B166-F7B5A4D9A64D}.Release|x64.ActiveCfg = Release|iPhoneSimulator
		{CFB0693D-DC34-44F5-B166-F7B5A4D9A64D}.Release|x64.Build.0 = Release|iPhoneSimulator
		{CFB0693D-DC34-44F5-B166-F7B5A4D9A64D}.Release|x64.Deploy.0 = Release|iPhoneSimulator
		{CFB0693D-DC34-44F5-B166-F7B5A4D9A64D}.Release|x86.ActiveCfg = Release|iPhoneSimulator
		{CFB0693D-DC34-44F5-B166-F7B5A4D9A64D}.Release|x86.Build.0 = Release|iPhoneSimulator
		{CFB0693D-DC34-44F5-B166-F7B5A4D9A64D}.Release|x86.Deploy.0 = Release|iPhoneSimulator
		{6653EB82-6F23-41DA-A9F8-262B616D25DC}.Debug|Any CPU.ActiveCfg = Debug|Any CPU
		{6653EB82-6F23-41DA-A9F8-262B616D25DC}.Debug|Any CPU.Build.0 = Debug|Any CPU
		{6653EB82-6F23-41DA-A9F8-262B616D25DC}.Debug|Any CPU.Deploy.0 = Debug|Any CPU
		{6653EB82-6F23-41DA-A9F8-262B616D25DC}.Debug|ARM.ActiveCfg = Debug|Any CPU
		{6653EB82-6F23-41DA-A9F8-262B616D25DC}.Debug|ARM.Build.0 = Debug|Any CPU
		{6653EB82-6F23-41DA-A9F8-262B616D25DC}.Debug|ARM.Deploy.0 = Debug|Any CPU
		{6653EB82-6F23-41DA-A9F8-262B616D25DC}.Debug|iPhone.ActiveCfg = Debug|Any CPU
		{6653EB82-6F23-41DA-A9F8-262B616D25DC}.Debug|iPhone.Build.0 = Debug|Any CPU
		{6653EB82-6F23-41DA-A9F8-262B616D25DC}.Debug|iPhone.Deploy.0 = Debug|Any CPU
		{6653EB82-6F23-41DA-A9F8-262B616D25DC}.Debug|iPhoneSimulator.ActiveCfg = Debug|Any CPU
		{6653EB82-6F23-41DA-A9F8-262B616D25DC}.Debug|iPhoneSimulator.Build.0 = Debug|Any CPU
		{6653EB82-6F23-41DA-A9F8-262B616D25DC}.Debug|iPhoneSimulator.Deploy.0 = Debug|Any CPU
		{6653EB82-6F23-41DA-A9F8-262B616D25DC}.Debug|x64.ActiveCfg = Debug|Any CPU
		{6653EB82-6F23-41DA-A9F8-262B616D25DC}.Debug|x64.Build.0 = Debug|Any CPU
		{6653EB82-6F23-41DA-A9F8-262B616D25DC}.Debug|x64.Deploy.0 = Debug|Any CPU
		{6653EB82-6F23-41DA-A9F8-262B616D25DC}.Debug|x86.ActiveCfg = Debug|Any CPU
		{6653EB82-6F23-41DA-A9F8-262B616D25DC}.Debug|x86.Build.0 = Debug|Any CPU
		{6653EB82-6F23-41DA-A9F8-262B616D25DC}.Debug|x86.Deploy.0 = Debug|Any CPU
		{6653EB82-6F23-41DA-A9F8-262B616D25DC}.Release|Any CPU.ActiveCfg = Release|Any CPU
		{6653EB82-6F23-41DA-A9F8-262B616D25DC}.Release|Any CPU.Build.0 = Release|Any CPU
		{6653EB82-6F23-41DA-A9F8-262B616D25DC}.Release|Any CPU.Deploy.0 = Release|Any CPU
		{6653EB82-6F23-41DA-A9F8-262B616D25DC}.Release|ARM.ActiveCfg = Release|Any CPU
		{6653EB82-6F23-41DA-A9F8-262B616D25DC}.Release|ARM.Build.0 = Release|Any CPU
		{6653EB82-6F23-41DA-A9F8-262B616D25DC}.Release|ARM.Deploy.0 = Release|Any CPU
		{6653EB82-6F23-41DA-A9F8-262B616D25DC}.Release|iPhone.ActiveCfg = Release|Any CPU
		{6653EB82-6F23-41DA-A9F8-262B616D25DC}.Release|iPhone.Build.0 = Release|Any CPU
		{6653EB82-6F23-41DA-A9F8-262B616D25DC}.Release|iPhone.Deploy.0 = Release|Any CPU
		{6653EB82-6F23-41DA-A9F8-262B616D25DC}.Release|iPhoneSimulator.ActiveCfg = Release|Any CPU
		{6653EB82-6F23-41DA-A9F8-262B616D25DC}.Release|iPhoneSimulator.Build.0 = Release|Any CPU
		{6653EB82-6F23-41DA-A9F8-262B616D25DC}.Release|iPhoneSimulator.Deploy.0 = Release|Any CPU
		{6653EB82-6F23-41DA-A9F8-262B616D25DC}.Release|x64.ActiveCfg = Release|Any CPU
		{6653EB82-6F23-41DA-A9F8-262B616D25DC}.Release|x64.Build.0 = Release|Any CPU
		{6653EB82-6F23-41DA-A9F8-262B616D25DC}.Release|x64.Deploy.0 = Release|Any CPU
		{6653EB82-6F23-41DA-A9F8-262B616D25DC}.Release|x86.ActiveCfg = Release|Any CPU
		{6653EB82-6F23-41DA-A9F8-262B616D25DC}.Release|x86.Build.0 = Release|Any CPU
		{6653EB82-6F23-41DA-A9F8-262B616D25DC}.Release|x86.Deploy.0 = Release|Any CPU
	EndGlobalSection
	GlobalSection(SolutionProperties) = preSolution
		HideSolutionNode = FALSE
	EndGlobalSection
	GlobalSection(ExtensibilityGlobals) = postSolution
		SolutionGuid = {8C85EC4A-9ECB-40F4-BFDC-C4BF518B1A1F}
	EndGlobalSection
EndGlobal
